
Microsoft Visual Studio Solution File, Format Version 12.00
# Visual Studio 14
VisualStudioVersion = 14.0.23107.0
MinimumVisualStudioVersion = 10.0.40219.1
Project("{FAE04EC0-301F-11D3-BF4B-00C04F79EFBC}") = "RuleMSXSingleStockHedge", "RuleMSXSingleStockHedge\RuleMSXSingleStockHedge.csproj", "{FB5D3551-65AA-4CE3-B953-5F9827EE7FDC}"
EndProject
Global
	GlobalSection(SolutionConfigurationPlatforms) = preSolution
		Debug|Any CPU = Debug|Any CPU
		Release|Any CPU = Release|Any CPU
	EndGlobalSection
	GlobalSection(ProjectConfigurationPlatforms) = postSolution
		{FB5D3551-65AA-4CE3-B953-5F9827EE7FDC}.Debug|Any CPU.ActiveCfg = Debug|Any CPU
		{FB5D3551-65AA-4CE3-B953-5F9827EE7FDC}.Debug|Any CPU.Build.0 = Debug|Any CPU
		{FB5D3551-65AA-4CE3-B953-5F9827EE7FDC}.Release|Any CPU.ActiveCfg = Release|Any CPU
		{FB5D3551-65AA-4CE3-B953-5F9827EE7FDC}.Release|Any CPU.Build.0 = Release|Any CPU
	EndGlobalSection
	GlobalSection(SolutionProperties) = preSolution
		HideSolutionNode = FALSE
	EndGlobalSection
EndGlobal
